{
  "version": 4,
  "terraform_version": "1.6.1",
  "serial": 1,
  "lineage": "9cb44667-8baf-44ad-74cd-fe134b45b9a6",
  "outputs": {},
  "resources": [
    {
      "mode": "managed",
      "type": "github_repository",
      "name": "myfirst_repo",
      "provider": "provider[\"registry.terraform.io/integrations/github\"]",
      "instances": [
        {
          "schema_version": 1,
          "attributes": {
            "allow_auto_merge": false,
            "allow_merge_commit": true,
            "allow_rebase_merge": true,
            "allow_squash_merge": true,
            "allow_update_branch": false,
            "archive_on_destroy": null,
            "archived": false,
            "auto_init": null,
            "default_branch": "main",
            "delete_branch_on_merge": false,
            "description": "my New GitHub-Repo",
            "etag": "W/\"800b650b3d9164f8f71e3ce582d6eb034a553242e8afc8cf14595a88818dac38\"",
            "full_name": "AlmohanadIlewi/myfirsttest",
            "git_clone_url": "git://github.com/AlmohanadIlewi/myfirsttest.git",
            "gitignore_template": null,
            "has_discussions": false,
            "has_downloads": false,
            "has_issues": false,
            "has_projects": false,
            "has_wiki": false,
            "homepage_url": "",
            "html_url": "https://github.com/AlmohanadIlewi/myfirsttest",
            "http_clone_url": "https://github.com/AlmohanadIlewi/myfirsttest.git",
            "id": "myfirsttest",
            "ignore_vulnerability_alerts_during_read": null,
            "is_template": false,
            "license_template": null,
            "merge_commit_message": "PR_TITLE",
            "merge_commit_title": "MERGE_MESSAGE",
            "name": "myfirsttest",
            "node_id": "R_kgDOKiO8MA",
            "pages": [],
            "primary_language": "",
            "private": false,
            "repo_id": 706985008,
            "security_and_analysis": [
              {
                "advanced_security": [],
                "secret_scanning": [
                  {
                    "status": "disabled"
                  }
                ],
                "secret_scanning_push_protection": [
                  {
                    "status": "disabled"
                  }
                ]
              }
            ],
            "squash_merge_commit_message": "COMMIT_MESSAGES",
            "squash_merge_commit_title": "COMMIT_OR_PR_TITLE",
            "ssh_clone_url": "git@github.com:AlmohanadIlewi/myfirsttest.git",
            "svn_url": "https://github.com/AlmohanadIlewi/myfirsttest",
            "template": [],
            "topics": [],
            "visibility": "public",
            "vulnerability_alerts": false
          },
          "sensitive_attributes": [],
          "private": "eyJzY2hlbWFfdmVyc2lvbiI6IjEifQ=="
        }
      ]
    }
  ],
  "check_results": null
}
