{
  "version": 4,
  "terraform_version": "1.6.1",
  "serial": 1,
  "lineage": "a5a8acc6-115c-f7b6-7421-7f35521a7ec6",
  "outputs": {},
  "resources": [
    {
      "mode": "managed",
      "type": "github_repository",
      "name": "myfirst_repo",
      "provider": "provider[\"registry.terraform.io/integrations/github\"]",
      "instances": [
        {
          "schema_version": 1,
          "attributes": {
            "allow_auto_merge": false,
            "allow_merge_commit": true,
            "allow_rebase_merge": true,
            "allow_squash_merge": true,
            "allow_update_branch": false,
            "archive_on_destroy": null,
            "archived": false,
            "auto_init": null,
            "default_branch": "main",
            "delete_branch_on_merge": false,
            "description": "My New GitHub-Repo",
            "etag": "W/\"3e3bcf1af7b2ff0d74ae4ea60a23374a56a93ae81d3f40eaaf217e31c506a2d0\"",
            "full_name": "AlmohanadIlewi/AlmIle",
            "git_clone_url": "git://github.com/AlmohanadIlewi/AlmIle.git",
            "gitignore_template": null,
            "has_discussions": false,
            "has_downloads": false,
            "has_issues": false,
            "has_projects": false,
            "has_wiki": false,
            "homepage_url": "",
            "html_url": "https://github.com/AlmohanadIlewi/AlmIle",
            "http_clone_url": "https://github.com/AlmohanadIlewi/AlmIle.git",
            "id": "AlmIle",
            "ignore_vulnerability_alerts_during_read": null,
            "is_template": false,
            "license_template": null,
            "merge_commit_message": "PR_TITLE",
            "merge_commit_title": "MERGE_MESSAGE",
            "name": "AlmIle",
            "node_id": "R_kgDOKiOhPw",
            "pages": [],
            "primary_language": "",
            "private": false,
            "repo_id": 706978111,
            "security_and_analysis": [
              {
                "advanced_security": [],
                "secret_scanning": [
                  {
                    "status": "disabled"
                  }
                ],
                "secret_scanning_push_protection": [
                  {
                    "status": "disabled"
                  }
                ]
              }
            ],
            "squash_merge_commit_message": "COMMIT_MESSAGES",
            "squash_merge_commit_title": "COMMIT_OR_PR_TITLE",
            "ssh_clone_url": "git@github.com:AlmohanadIlewi/AlmIle.git",
            "svn_url": "https://github.com/AlmohanadIlewi/AlmIle",
            "template": [],
            "topics": [],
            "visibility": "public",
            "vulnerability_alerts": false
          },
          "sensitive_attributes": [],
          "private": "eyJzY2hlbWFfdmVyc2lvbiI6IjEifQ=="
        }
      ]
    }
  ],
  "check_results": null
}
