{
  "version": 4,
  "terraform_version": "1.6.1",
  "serial": 24,
  "lineage": "7d0cc78e-7ec3-926b-8fcd-57fe35e4c734",
  "outputs": {
    "queue_url": {
      "value": "https://sqs.eu-central-1.amazonaws.com/622445140057/MySQSQueue122",
      "type": "string"
    }
  },
  "resources": [
    {
      "mode": "managed",
      "type": "aws_cloudwatch_log_group",
      "name": "lambda_log_group",
      "provider": "provider[\"registry.terraform.io/hashicorp/aws\"]",
      "instances": [
        {
          "schema_version": 0,
          "attributes": {
            "arn": "arn:aws:logs:eu-central-1:622445140057:log-group:/aws/lambda/MySQSlambdaFunction",
            "id": "/aws/lambda/MySQSlambdaFunction",
            "kms_key_id": "",
            "name": "/aws/lambda/MySQSlambdaFunction",
            "name_prefix": "",
            "retention_in_days": 1,
            "skip_destroy": false,
            "tags": {},
            "tags_all": {}
          },
          "sensitive_attributes": [],
          "private": "bnVsbA=="
        }
      ]
    },
    {
      "mode": "managed",
      "type": "aws_iam_policy",
      "name": "cloudwatch_policy",
      "provider": "provider[\"registry.terraform.io/hashicorp/aws\"]",
      "instances": [
        {
          "schema_version": 0,
          "attributes": {
            "arn": "arn:aws:iam::622445140057:policy/cloudwatch_policy",
            "description": "AWS IAM Policy for managing aws lambda role",
            "id": "arn:aws:iam::622445140057:policy/cloudwatch_policy",
            "name": "cloudwatch_policy",
            "name_prefix": "",
            "path": "/",
            "policy": "{\"Statement\":[{\"Action\":[\"logs:CreateLogGroup\",\"logs:CreateLogStream\",\"logs:PutLogEvents\"],\"Effect\":\"Allow\",\"Resource\":\"arn:aws:logs:*:*:*\"}],\"Version\":\"2012-10-17\"}",
            "policy_id": "ANPAZB3E7DBMVMI55SG4H",
            "tags": {},
            "tags_all": {}
          },
          "sensitive_attributes": [],
          "private": "bnVsbA=="
        }
      ]
    },
    {
      "mode": "managed",
      "type": "aws_iam_policy",
      "name": "lambda-sqs-policy",
      "provider": "provider[\"registry.terraform.io/hashicorp/aws\"]",
      "instances": [
        {
          "schema_version": 0,
          "attributes": {
            "arn": "arn:aws:iam::622445140057:policy/lambda-sqs-policy",
            "description": "",
            "id": "arn:aws:iam::622445140057:policy/lambda-sqs-policy",
            "name": "lambda-sqs-policy",
            "name_prefix": "",
            "path": "/",
            "policy": "{\"Statement\":[{\"Action\":\"sqs:*\",\"Effect\":\"Allow\",\"Resource\":\"arn:aws:sqs:eu-central-1:622445140057:MySQSQueue122\"}],\"Version\":\"2012-10-17\"}",
            "policy_id": "ANPAZB3E7DBMTYEFEVICK",
            "tags": {},
            "tags_all": {}
          },
          "sensitive_attributes": [],
          "private": "bnVsbA==",
          "dependencies": [
            "aws_sqs_queue.My_SQS"
          ]
        }
      ]
    },
    {
      "mode": "managed",
      "type": "aws_iam_role",
      "name": "lambda-sqs-role",
      "provider": "provider[\"registry.terraform.io/hashicorp/aws\"]",
      "instances": [
        {
          "schema_version": 0,
          "attributes": {
            "arn": "arn:aws:iam::622445140057:role/lm-sqs_role",
            "assume_role_policy": "{\"Statement\":[{\"Action\":\"sts:AssumeRole\",\"Effect\":\"Allow\",\"Principal\":{\"Service\":\"lambda.amazonaws.com\"}}],\"Version\":\"2012-10-17\"}",
            "create_date": "2023-10-25T09:02:46Z",
            "description": "",
            "force_detach_policies": false,
            "id": "lm-sqs_role",
            "inline_policy": [],
            "managed_policy_arns": [
              "arn:aws:iam::622445140057:policy/cloudwatch_policy",
              "arn:aws:iam::622445140057:policy/lambda-sqs-policy"
            ],
            "max_session_duration": 3600,
            "name": "lm-sqs_role",
            "name_prefix": "",
            "path": "/",
            "permissions_boundary": "",
            "tags": {},
            "tags_all": {},
            "unique_id": "AROAZB3E7DBM4JPQ4AY3A"
          },
          "sensitive_attributes": [],
          "private": "bnVsbA=="
        }
      ]
    },
    {
      "mode": "managed",
      "type": "aws_iam_role_policy_attachment",
      "name": "cloudwatch_policy-attachment",
      "provider": "provider[\"registry.terraform.io/hashicorp/aws\"]",
      "instances": [
        {
          "schema_version": 0,
          "attributes": {
            "id": "lm-sqs_role-20231025101536893100000001",
            "policy_arn": "arn:aws:iam::622445140057:policy/lambda-sqs-policy",
            "role": "lm-sqs_role"
          },
          "sensitive_attributes": [],
          "private": "bnVsbA==",
          "dependencies": [
            "aws_iam_policy.lambda-sqs-policy",
            "aws_iam_role.lambda-sqs-role",
            "aws_sqs_queue.My_SQS"
          ]
        }
      ]
    },
    {
      "mode": "managed",
      "type": "aws_iam_role_policy_attachment",
      "name": "sqs-policy_attachment",
      "provider": "provider[\"registry.terraform.io/hashicorp/aws\"]",
      "instances": [
        {
          "schema_version": 0,
          "attributes": {
            "id": "lm-sqs_role-20231025100755761700000002",
            "policy_arn": "arn:aws:iam::622445140057:policy/cloudwatch_policy",
            "role": "lm-sqs_role"
          },
          "sensitive_attributes": [],
          "private": "bnVsbA==",
          "dependencies": [
            "aws_iam_policy.cloudwatch_policy",
            "aws_iam_role.lambda-sqs-role"
          ]
        }
      ]
    },
    {
      "mode": "managed",
      "type": "aws_lambda_function",
      "name": "my_sqs_function",
      "provider": "provider[\"registry.terraform.io/hashicorp/aws\"]",
      "instances": [
        {
          "schema_version": 0,
          "attributes": {
            "architectures": [
              "x86_64"
            ],
            "arn": "arn:aws:lambda:eu-central-1:622445140057:function:MySQSlambdaFunction",
            "code_signing_config_arn": "",
            "dead_letter_config": [],
            "description": "",
            "environment": [
              {
                "variables": {
                  "SQS_QUEUE_URL": "https://sqs.eu-central-1.amazonaws.com/622445140057/MySQSQueue122"
                }
              }
            ],
            "ephemeral_storage": [
              {
                "size": 512
              }
            ],
            "file_system_config": [],
            "filename": "./python-lambda.zip",
            "function_name": "MySQSlambdaFunction",
            "handler": "message.lambda_handler",
            "id": "MySQSlambdaFunction",
            "image_config": [],
            "image_uri": "",
            "invoke_arn": "arn:aws:apigateway:eu-central-1:lambda:path/2015-03-31/functions/arn:aws:lambda:eu-central-1:622445140057:function:MySQSlambdaFunction/invocations",
            "kms_key_arn": "",
            "last_modified": "2023-10-25T10:18:48.000+0000",
            "layers": [],
            "memory_size": 128,
            "package_type": "Zip",
            "publish": false,
            "qualified_arn": "arn:aws:lambda:eu-central-1:622445140057:function:MySQSlambdaFunction:$LATEST",
            "qualified_invoke_arn": "arn:aws:apigateway:eu-central-1:lambda:path/2015-03-31/functions/arn:aws:lambda:eu-central-1:622445140057:function:MySQSlambdaFunction:$LATEST/invocations",
            "replace_security_groups_on_destroy": null,
            "replacement_security_group_ids": null,
            "reserved_concurrent_executions": -1,
            "role": "arn:aws:iam::622445140057:role/lm-sqs_role",
            "runtime": "python3.11",
            "s3_bucket": null,
            "s3_key": null,
            "s3_object_version": null,
            "signing_job_arn": "",
            "signing_profile_version_arn": "",
            "skip_destroy": false,
            "snap_start": [],
            "source_code_hash": "e4/gULkPiXaNsRld23XUpjVg81h5kjhATl5u2WRDizg=",
            "source_code_size": 436,
            "tags": {},
            "tags_all": {},
            "timeout": 3,
            "timeouts": null,
            "tracing_config": [
              {
                "mode": "PassThrough"
              }
            ],
            "version": "$LATEST",
            "vpc_config": []
          },
          "sensitive_attributes": [],
          "private": "eyJlMmJmYjczMC1lY2FhLTExZTYtOGY4OC0zNDM2M2JjN2M0YzAiOnsiY3JlYXRlIjo2MDAwMDAwMDAwMDAsImRlbGV0ZSI6NjAwMDAwMDAwMDAwLCJ1cGRhdGUiOjYwMDAwMDAwMDAwMH19",
          "dependencies": [
            "aws_iam_role.lambda-sqs-role",
            "aws_sqs_queue.My_SQS"
          ]
        }
      ]
    },
    {
      "mode": "managed",
      "type": "aws_sqs_queue",
      "name": "My_SQS",
      "provider": "provider[\"registry.terraform.io/hashicorp/aws\"]",
      "instances": [
        {
          "schema_version": 0,
          "attributes": {
            "arn": "arn:aws:sqs:eu-central-1:622445140057:MySQSQueue122",
            "content_based_deduplication": false,
            "deduplication_scope": "",
            "delay_seconds": 2,
            "fifo_queue": false,
            "fifo_throughput_limit": "",
            "id": "https://sqs.eu-central-1.amazonaws.com/622445140057/MySQSQueue122",
            "kms_data_key_reuse_period_seconds": 300,
            "kms_master_key_id": "",
            "max_message_size": 2048,
            "message_retention_seconds": 256,
            "name": "MySQSQueue122",
            "name_prefix": "",
            "policy": "",
            "receive_wait_time_seconds": 1,
            "redrive_allow_policy": "",
            "redrive_policy": "",
            "sqs_managed_sse_enabled": true,
            "tags": {},
            "tags_all": {},
            "url": "https://sqs.eu-central-1.amazonaws.com/622445140057/MySQSQueue122",
            "visibility_timeout_seconds": 30
          },
          "sensitive_attributes": [],
          "private": "bnVsbA=="
        }
      ]
    }
  ],
  "check_results": null
}
